// !$*UTF8*$!
{
	archiveVersion = 1;
	classes = {
	};
	objectVersion = 46;
	objects = {

/* Begin PBXBuildFile section */
		843C6FAE5F5E6A53F15EAA92 /* Pods_Random1Tests.framework in Frameworks */ = {isa = PBXBuildFile; fileRef = 411FF3905E7FD2DB3D62E0EE /* Pods_Random1Tests.framework */; };
		9A38E4EE1E82BA4C0040B99E /* ProgramTableViewCell.swift in Sources */ = {isa = PBXBuildFile; fileRef = 9A38E4ED1E82BA4C0040B99E /* ProgramTableViewCell.swift */; };
		9A38E4F01E82C4A50040B99E /* Program.swift in Sources */ = {isa = PBXBuildFile; fileRef = 9A38E4EF1E82C4A50040B99E /* Program.swift */; };
		9A94434B1E818A7800BE3AFF /* AppDelegate.swift in Sources */ = {isa = PBXBuildFile; fileRef = 9A94434A1E818A7800BE3AFF /* AppDelegate.swift */; };
		9A94434D1E818A7800BE3AFF /* ProgramViewController.swift in Sources */ = {isa = PBXBuildFile; fileRef = 9A94434C1E818A7800BE3AFF /* ProgramViewController.swift */; };
		9A9443521E818A7800BE3AFF /* Main.storyboard in Resources */ = {isa = PBXBuildFile; fileRef = 9A9443501E818A7800BE3AFF /* Main.storyboard */; };
		9A9443541E818A7800BE3AFF /* Assets.xcassets in Resources */ = {isa = PBXBuildFile; fileRef = 9A9443531E818A7800BE3AFF /* Assets.xcassets */; };
		9A9443571E818A7800BE3AFF /* LaunchScreen.storyboard in Resources */ = {isa = PBXBuildFile; fileRef = 9A9443551E818A7800BE3AFF /* LaunchScreen.storyboard */; };
		9A9443621E818A7900BE3AFF /* Random1Tests.swift in Sources */ = {isa = PBXBuildFile; fileRef = 9A9443611E818A7900BE3AFF /* Random1Tests.swift */; };
		9AE5B7421E892C7700741548 /* HourPodcastsViewController.swift in Sources */ = {isa = PBXBuildFile; fileRef = 9AE5B7411E892C7700741548 /* HourPodcastsViewController.swift */; };
		9AE5B7441E8932F800741548 /* Podcast.swift in Sources */ = {isa = PBXBuildFile; fileRef = 9AE5B7431E8932F800741548 /* Podcast.swift */; };
		9AE5B7461E89338900741548 /* PodcastTableViewCell.swift in Sources */ = {isa = PBXBuildFile; fileRef = 9AE5B7451E89338900741548 /* PodcastTableViewCell.swift */; };
		9AE5B74E1E896E5700741548 /* AVFoundation.framework in Frameworks */ = {isa = PBXBuildFile; fileRef = 9AE5B74D1E896E5700741548 /* AVFoundation.framework */; };
		9AE5B7501E896E6200741548 /* AVKit.framework in Frameworks */ = {isa = PBXBuildFile; fileRef = 9AE5B74F1E896E6200741548 /* AVKit.framework */; };
		BBD04A7BD63E95D75B7A5EF6 /* Pods_Random1.framework in Frameworks */ = {isa = PBXBuildFile; fileRef = 075F543A7AC8128121B45B3D /* Pods_Random1.framework */; };
/* End PBXBuildFile section */

/* Begin PBXContainerItemProxy section */
		9A94435E1E818A7900BE3AFF /* PBXContainerItemProxy */ = {
			isa = PBXContainerItemProxy;
			containerPortal = 9A94433F1E818A7800BE3AFF /* Project object */;
			proxyType = 1;
			remoteGlobalIDString = 9A9443461E818A7800BE3AFF;
			remoteInfo = Random1;
		};
/* End PBXContainerItemProxy section */

/* Begin PBXFileReference section */
		075F543A7AC8128121B45B3D /* Pods_Random1.framework */ = {isa = PBXFileReference; explicitFileType = wrapper.framework; includeInIndex = 0; path = Pods_Random1.framework; sourceTree = BUILT_PRODUCTS_DIR; };
		283E76BF46F3C2CE9D952890 /* Pods-Random1Tests.release.xcconfig */ = {isa = PBXFileReference; includeInIndex = 1; lastKnownFileType = text.xcconfig; name = "Pods-Random1Tests.release.xcconfig"; path = "Pods/Target Support Files/Pods-Random1Tests/Pods-Random1Tests.release.xcconfig"; sourceTree = "<group>"; };
		411FF3905E7FD2DB3D62E0EE /* Pods_Random1Tests.framework */ = {isa = PBXFileReference; explicitFileType = wrapper.framework; includeInIndex = 0; path = Pods_Random1Tests.framework; sourceTree = BUILT_PRODUCTS_DIR; };
		44E1BD45609988EF364B00C6 /* Pods-Random1.debug.xcconfig */ = {isa = PBXFileReference; includeInIndex = 1; lastKnownFileType = text.xcconfig; name = "Pods-Random1.debug.xcconfig"; path = "Pods/Target Support Files/Pods-Random1/Pods-Random1.debug.xcconfig"; sourceTree = "<group>"; };
		4B8048AD79FE314A745C6FCA /* Pods-Random1.release.xcconfig */ = {isa = PBXFileReference; includeInIndex = 1; lastKnownFileType = text.xcconfig; name = "Pods-Random1.release.xcconfig"; path = "Pods/Target Support Files/Pods-Random1/Pods-Random1.release.xcconfig"; sourceTree = "<group>"; };
		9A38E4ED1E82BA4C0040B99E /* ProgramTableViewCell.swift */ = {isa = PBXFileReference; fileEncoding = 4; lastKnownFileType = sourcecode.swift; path = ProgramTableViewCell.swift; sourceTree = "<group>"; };
		9A38E4EF1E82C4A50040B99E /* Program.swift */ = {isa = PBXFileReference; fileEncoding = 4; lastKnownFileType = sourcecode.swift; path = Program.swift; sourceTree = "<group>"; };
		9A9443471E818A7800BE3AFF /* Random1.app */ = {isa = PBXFileReference; explicitFileType = wrapper.application; includeInIndex = 0; path = Random1.app; sourceTree = BUILT_PRODUCTS_DIR; };
		9A94434A1E818A7800BE3AFF /* AppDelegate.swift */ = {isa = PBXFileReference; lastKnownFileType = sourcecode.swift; path = AppDelegate.swift; sourceTree = "<group>"; };
		9A94434C1E818A7800BE3AFF /* ProgramViewController.swift */ = {isa = PBXFileReference; lastKnownFileType = sourcecode.swift; path = ProgramViewController.swift; sourceTree = "<group>"; };
		9A9443511E818A7800BE3AFF /* Base */ = {isa = PBXFileReference; lastKnownFileType = file.storyboard; name = Base; path = Base.lproj/Main.storyboard; sourceTree = "<group>"; };
		9A9443531E818A7800BE3AFF /* Assets.xcassets */ = {isa = PBXFileReference; lastKnownFileType = folder.assetcatalog; path = Assets.xcassets; sourceTree = "<group>"; };
		9A9443561E818A7800BE3AFF /* Base */ = {isa = PBXFileReference; lastKnownFileType = file.storyboard; name = Base; path = Base.lproj/LaunchScreen.storyboard; sourceTree = "<group>"; };
		9A9443581E818A7800BE3AFF /* Info.plist */ = {isa = PBXFileReference; lastKnownFileType = text.plist.xml; path = Info.plist; sourceTree = "<group>"; };
		9A94435D1E818A7900BE3AFF /* Random1Tests.xctest */ = {isa = PBXFileReference; explicitFileType = wrapper.cfbundle; includeInIndex = 0; path = Random1Tests.xctest; sourceTree = BUILT_PRODUCTS_DIR; };
		9A9443611E818A7900BE3AFF /* Random1Tests.swift */ = {isa = PBXFileReference; lastKnownFileType = sourcecode.swift; path = Random1Tests.swift; sourceTree = "<group>"; };
		9A9443631E818A7900BE3AFF /* Info.plist */ = {isa = PBXFileReference; lastKnownFileType = text.plist.xml; path = Info.plist; sourceTree = "<group>"; };
		9AE5B7411E892C7700741548 /* HourPodcastsViewController.swift */ = {isa = PBXFileReference; fileEncoding = 4; lastKnownFileType = sourcecode.swift; path = HourPodcastsViewController.swift; sourceTree = "<group>"; };
		9AE5B7431E8932F800741548 /* Podcast.swift */ = {isa = PBXFileReference; fileEncoding = 4; lastKnownFileType = sourcecode.swift; path = Podcast.swift; sourceTree = "<group>"; };
		9AE5B7451E89338900741548 /* PodcastTableViewCell.swift */ = {isa = PBXFileReference; fileEncoding = 4; lastKnownFileType = sourcecode.swift; path = PodcastTableViewCell.swift; sourceTree = "<group>"; };
		9AE5B74D1E896E5700741548 /* AVFoundation.framework */ = {isa = PBXFileReference; lastKnownFileType = wrapper.framework; name = AVFoundation.framework; path = System/Library/Frameworks/AVFoundation.framework; sourceTree = SDKROOT; };
		9AE5B74F1E896E6200741548 /* AVKit.framework */ = {isa = PBXFileReference; lastKnownFileType = wrapper.framework; name = AVKit.framework; path = System/Library/Frameworks/AVKit.framework; sourceTree = SDKROOT; };
		D27B2A5CFB8EED9FDA702506 /* Pods-Random1Tests.debug.xcconfig */ = {isa = PBXFileReference; includeInIndex = 1; lastKnownFileType = text.xcconfig; name = "Pods-Random1Tests.debug.xcconfig"; path = "Pods/Target Support Files/Pods-Random1Tests/Pods-Random1Tests.debug.xcconfig"; sourceTree = "<group>"; };
/* End PBXFileReference section */

/* Begin PBXFrameworksBuildPhase section */
		9A9443441E818A7800BE3AFF /* Frameworks */ = {
			isa = PBXFrameworksBuildPhase;
			buildActionMask = 2147483647;
			files = (
				9AE5B7501E896E6200741548 /* AVKit.framework in Frameworks */,
				9AE5B74E1E896E5700741548 /* AVFoundation.framework in Frameworks */,
				BBD04A7BD63E95D75B7A5EF6 /* Pods_Random1.framework in Frameworks */,
			);
			runOnlyForDeploymentPostprocessing = 0;
		};
		9A94435A1E818A7900BE3AFF /* Frameworks */ = {
			isa = PBXFrameworksBuildPhase;
			buildActionMask = 2147483647;
			files = (
				843C6FAE5F5E6A53F15EAA92 /* Pods_Random1Tests.framework in Frameworks */,
			);
			runOnlyForDeploymentPostprocessing = 0;
		};
/* End PBXFrameworksBuildPhase section */

/* Begin PBXGroup section */
		9A38E4EC1E82B9DA0040B99E /* View */ = {
			isa = PBXGroup;
			children = (
				9A38E4ED1E82BA4C0040B99E /* ProgramTableViewCell.swift */,
				9AE5B7451E89338900741548 /* PodcastTableViewCell.swift */,
			);
			name = View;
			sourceTree = "<group>";
		};
		9A94433E1E818A7800BE3AFF = {
			isa = PBXGroup;
			children = (
				9A9443491E818A7800BE3AFF /* Random1 */,
				9A9443601E818A7900BE3AFF /* Random1Tests */,
				9A9443481E818A7800BE3AFF /* Products */,
				F8CF4FDF33139D5C50A0E0C3 /* Pods */,
				9B5DA2D3AA55D1D683DBA361 /* Frameworks */,
			);
			sourceTree = "<group>";
		};
		9A9443481E818A7800BE3AFF /* Products */ = {
			isa = PBXGroup;
			children = (
				9A9443471E818A7800BE3AFF /* Random1.app */,
				9A94435D1E818A7900BE3AFF /* Random1Tests.xctest */,
			);
			name = Products;
			sourceTree = "<group>";
		};
		9A9443491E818A7800BE3AFF /* Random1 */ = {
			isa = PBXGroup;
			children = (
				9A94436C1E81919800BE3AFF /* Models */,
				9A38E4EC1E82B9DA0040B99E /* View */,
				9A9443701E8191BA00BE3AFF /* Helpers */,
				9A94436F1E8191B300BE3AFF /* Stores */,
				9A94436E1E8191AB00BE3AFF /* Controllers */,
				9A94434A1E818A7800BE3AFF /* AppDelegate.swift */,
				9A9443551E818A7800BE3AFF /* LaunchScreen.storyboard */,
				9A9443501E818A7800BE3AFF /* Main.storyboard */,
				9A9443531E818A7800BE3AFF /* Assets.xcassets */,
				9A9443581E818A7800BE3AFF /* Info.plist */,
			);
			path = Random1;
			sourceTree = "<group>";
		};
		9A9443601E818A7900BE3AFF /* Random1Tests */ = {
			isa = PBXGroup;
			children = (
				9A9443611E818A7900BE3AFF /* Random1Tests.swift */,
				9A9443631E818A7900BE3AFF /* Info.plist */,
			);
			path = Random1Tests;
			sourceTree = "<group>";
		};
		9A94436C1E81919800BE3AFF /* Models */ = {
			isa = PBXGroup;
			children = (
				9A38E4EF1E82C4A50040B99E /* Program.swift */,
				9AE5B7431E8932F800741548 /* Podcast.swift */,
			);
			name = Models;
			sourceTree = "<group>";
		};
		9A94436E1E8191AB00BE3AFF /* Controllers */ = {
			isa = PBXGroup;
			children = (
				9A94434C1E818A7800BE3AFF /* ProgramViewController.swift */,
				9AE5B7411E892C7700741548 /* HourPodcastsViewController.swift */,
			);
			name = Controllers;
			sourceTree = "<group>";
		};
		9A94436F1E8191B300BE3AFF /* Stores */ = {
			isa = PBXGroup;
			children = (
			);
			name = Stores;
			sourceTree = "<group>";
		};
		9A9443701E8191BA00BE3AFF /* Helpers */ = {
			isa = PBXGroup;
			children = (
			);
			name = Helpers;
			sourceTree = "<group>";
		};
		9B5DA2D3AA55D1D683DBA361 /* Frameworks */ = {
			isa = PBXGroup;
			children = (
				9AE5B74F1E896E6200741548 /* AVKit.framework */,
				9AE5B74D1E896E5700741548 /* AVFoundation.framework */,
				075F543A7AC8128121B45B3D /* Pods_Random1.framework */,
				411FF3905E7FD2DB3D62E0EE /* Pods_Random1Tests.framework */,
			);
			name = Frameworks;
			sourceTree = "<group>";
		};
		F8CF4FDF33139D5C50A0E0C3 /* Pods */ = {
			isa = PBXGroup;
			children = (
				44E1BD45609988EF364B00C6 /* Pods-Random1.debug.xcconfig */,
				4B8048AD79FE314A745C6FCA /* Pods-Random1.release.xcconfig */,
				D27B2A5CFB8EED9FDA702506 /* Pods-Random1Tests.debug.xcconfig */,
				283E76BF46F3C2CE9D952890 /* Pods-Random1Tests.release.xcconfig */,
			);
			name = Pods;
			sourceTree = "<group>";
		};
/* End PBXGroup section */

/* Begin PBXNativeTarget section */
		9A9443461E818A7800BE3AFF /* Random1 */ = {
			isa = PBXNativeTarget;
			buildConfigurationList = 9A9443661E818A7900BE3AFF /* Build configuration list for PBXNativeTarget "Random1" */;
			buildPhases = (
				2AFFBBEE3C657630D540CCC3 /* [CP] Check Pods Manifest.lock */,
				9A9443431E818A7800BE3AFF /* Sources */,
				9A9443441E818A7800BE3AFF /* Frameworks */,
				9A9443451E818A7800BE3AFF /* Resources */,
				D48B5783744235F5C73AF022 /* [CP] Embed Pods Frameworks */,
				4FA832FD3A36C2DC783A4733 /* [CP] Copy Pods Resources */,
			);
			buildRules = (
			);
			dependencies = (
			);
			name = Random1;
			productName = Random1;
			productReference = 9A9443471E818A7800BE3AFF /* Random1.app */;
			productType = "com.apple.product-type.application";
		};
		9A94435C1E818A7900BE3AFF /* Random1Tests */ = {
			isa = PBXNativeTarget;
			buildConfigurationList = 9A9443691E818A7900BE3AFF /* Build configuration list for PBXNativeTarget "Random1Tests" */;
			buildPhases = (
				D6D988AA6E1A08EE2D46D293 /* [CP] Check Pods Manifest.lock */,
				9A9443591E818A7900BE3AFF /* Sources */,
				9A94435A1E818A7900BE3AFF /* Frameworks */,
				9A94435B1E818A7900BE3AFF /* Resources */,
				34E1012AAA7356B175A7C480 /* [CP] Embed Pods Frameworks */,
				7D1A6E10C82EF34FD7792DB0 /* [CP] Copy Pods Resources */,
			);
			buildRules = (
			);
			dependencies = (
				9A94435F1E818A7900BE3AFF /* PBXTargetDependency */,
			);
			name = Random1Tests;
			productName = Random1Tests;
			productReference = 9A94435D1E818A7900BE3AFF /* Random1Tests.xctest */;
			productType = "com.apple.product-type.bundle.unit-test";
		};
/* End PBXNativeTarget section */

/* Begin PBXProject section */
		9A94433F1E818A7800BE3AFF /* Project object */ = {
			isa = PBXProject;
			attributes = {
				LastSwiftUpdateCheck = 0820;
				LastUpgradeCheck = 0820;
				TargetAttributes = {
					9A9443461E818A7800BE3AFF = {
						CreatedOnToolsVersion = 8.2.1;
						DevelopmentTeam = LUJK7A4RXY;
						ProvisioningStyle = Automatic;
					};
					9A94435C1E818A7900BE3AFF = {
						CreatedOnToolsVersion = 8.2.1;
						DevelopmentTeam = LUJK7A4RXY;
						ProvisioningStyle = Automatic;
						TestTargetID = 9A9443461E818A7800BE3AFF;
					};
				};
			};
			buildConfigurationList = 9A9443421E818A7800BE3AFF /* Build configuration list for PBXProject "Random1" */;
			compatibilityVersion = "Xcode 3.2";
			developmentRegion = English;
			hasScannedForEncodings = 0;
			knownRegions = (
				en,
				Base,
			);
			mainGroup = 9A94433E1E818A7800BE3AFF;
			productRefGroup = 9A9443481E818A7800BE3AFF /* Products */;
			projectDirPath = "";
			projectRoot = "";
			targets = (
				9A9443461E818A7800BE3AFF /* Random1 */,
				9A94435C1E818A7900BE3AFF /* Random1Tests */,
			);
		};
/* End PBXProject section */

/* Begin PBXResourcesBuildPhase section */
		9A9443451E818A7800BE3AFF /* Resources */ = {
			isa = PBXResourcesBuildPhase;
			buildActionMask = 2147483647;
			files = (
				9A9443571E818A7800BE3AFF /* LaunchScreen.storyboard in Resources */,
				9A9443541E818A7800BE3AFF /* Assets.xcassets in Resources */,
				9A9443521E818A7800BE3AFF /* Main.storyboard in Resources */,
			);
			runOnlyForDeploymentPostprocessing = 0;
		};
		9A94435B1E818A7900BE3AFF /* Resources */ = {
			isa = PBXResourcesBuildPhase;
			buildActionMask = 2147483647;
			files = (
			);
			runOnlyForDeploymentPostprocessing = 0;
		};
/* End PBXResourcesBuildPhase section */

/* Begin PBXShellScriptBuildPhase section */
		2AFFBBEE3C657630D540CCC3 /* [CP] Check Pods Manifest.lock */ = {
			isa = PBXShellScriptBuildPhase;
			buildActionMask = 2147483647;
			files = (
			);
			inputPaths = (
			);
			name = "[CP] Check Pods Manifest.lock";
			outputPaths = (
			);
			runOnlyForDeploymentPostprocessing = 0;
			shellPath = /bin/sh;
			shellScript = "diff \"${PODS_ROOT}/../Podfile.lock\" \"${PODS_ROOT}/Manifest.lock\" > /dev/null\nif [ $? != 0 ] ; then\n    # print error to STDERR\n    echo \"error: The sandbox is not in sync with the Podfile.lock. Run 'pod install' or update your CocoaPods installation.\" >&2\n    exit 1\nfi\n";
			showEnvVarsInLog = 0;
		};
		34E1012AAA7356B175A7C480 /* [CP] Embed Pods Frameworks */ = {
			isa = PBXShellScriptBuildPhase;
			buildActionMask = 2147483647;
			files = (
			);
			inputPaths = (
			);
			name = "[CP] Embed Pods Frameworks";
			outputPaths = (
			);
			runOnlyForDeploymentPostprocessing = 0;
			shellPath = /bin/sh;
			shellScript = "\"${SRCROOT}/Pods/Target Support Files/Pods-Random1Tests/Pods-Random1Tests-frameworks.sh\"\n";
			showEnvVarsInLog = 0;
		};
		4FA832FD3A36C2DC783A4733 /* [CP] Copy Pods Resources */ = {
			isa = PBXShellScriptBuildPhase;
			buildActionMask = 2147483647;
			files = (
			);
			inputPaths = (
			);
			name = "[CP] Copy Pods Resources";
			outputPaths = (
			);
			runOnlyForDeploymentPostprocessing = 0;
			shellPath = /bin/sh;
			shellScript = "\"${SRCROOT}/Pods/Target Support Files/Pods-Random1/Pods-Random1-resources.sh\"\n";
			showEnvVarsInLog = 0;
		};
		7D1A6E10C82EF34FD7792DB0 /* [CP] Copy Pods Resources */ = {
			isa = PBXShellScriptBuildPhase;
			buildActionMask = 2147483647;
			files = (
			);
			inputPaths = (
			);
			name = "[CP] Copy Pods Resources";
			outputPaths = (
			);
			runOnlyForDeploymentPostprocessing = 0;
			shellPath = /bin/sh;
			shellScript = "\"${SRCROOT}/Pods/Target Support Files/Pods-Random1Tests/Pods-Random1Tests-resources.sh\"\n";
			showEnvVarsInLog = 0;
		};
		D48B5783744235F5C73AF022 /* [CP] Embed Pods Frameworks */ = {
			isa = PBXShellScriptBuildPhase;
			buildActionMask = 2147483647;
			files = (
			);
			inputPaths = (
			);
			name = "[CP] Embed Pods Frameworks";
			outputPaths = (
			);
			runOnlyForDeploymentPostprocessing = 0;
			shellPath = /bin/sh;
			shellScript = "\"${SRCROOT}/Pods/Target Support Files/Pods-Random1/Pods-Random1-frameworks.sh\"\n";
			showEnvVarsInLog = 0;
		};
		D6D988AA6E1A08EE2D46D293 /* [CP] Check Pods Manifest.lock */ = {
			isa = PBXShellScriptBuildPhase;
			buildActionMask = 2147483647;
			files = (
			);
			inputPaths = (
			);
			name = "[CP] Check Pods Manifest.lock";
			outputPaths = (
			);
			runOnlyForDeploymentPostprocessing = 0;
			shellPath = /bin/sh;
			shellScript = "diff \"${PODS_ROOT}/../Podfile.lock\" \"${PODS_ROOT}/Manifest.lock\" > /dev/null\nif [ $? != 0 ] ; then\n    # print error to STDERR\n    echo \"error: The sandbox is not in sync with the Podfile.lock. Run 'pod install' or update your CocoaPods installation.\" >&2\n    exit 1\nfi\n";
			showEnvVarsInLog = 0;
		};
/* End PBXShellScriptBuildPhase section */

/* Begin PBXSourcesBuildPhase section */
		9A9443431E818A7800BE3AFF /* Sources */ = {
			isa = PBXSourcesBuildPhase;
			buildActionMask = 2147483647;
			files = (
				9A38E4F01E82C4A50040B99E /* Program.swift in Sources */,
				9AE5B7441E8932F800741548 /* Podcast.swift in Sources */,
				9A38E4EE1E82BA4C0040B99E /* ProgramTableViewCell.swift in Sources */,
				9AE5B7421E892C7700741548 /* HourPodcastsViewController.swift in Sources */,
				9A94434B1E818A7800BE3AFF /* AppDelegate.swift in Sources */,
				9AE5B7461E89338900741548 /* PodcastTableViewCell.swift in Sources */,
				9A94434D1E818A7800BE3AFF /* ProgramViewController.swift in Sources */,
			);
			runOnlyForDeploymentPostprocessing = 0;
		};
		9A9443591E818A7900BE3AFF /* Sources */ = {
			isa = PBXSourcesBuildPhase;
			buildActionMask = 2147483647;
			files = (
				9A9443621E818A7900BE3AFF /* Random1Tests.swift in Sources */,
			);
			runOnlyForDeploymentPostprocessing = 0;
		};
/* End PBXSourcesBuildPhase section */

/* Begin PBXTargetDependency section */
		9A94435F1E818A7900BE3AFF /* PBXTargetDependency */ = {
			isa = PBXTargetDependency;
			target = 9A9443461E818A7800BE3AFF /* Random1 */;
			targetProxy = 9A94435E1E818A7900BE3AFF /* PBXContainerItemProxy */;
		};
/* End PBXTargetDependency section */

/* Begin PBXVariantGroup section */
		9A9443501E818A7800BE3AFF /* Main.storyboard */ = {
			isa = PBXVariantGroup;
			children = (
				9A9443511E818A7800BE3AFF /* Base */,
			);
			name = Main.storyboard;
			sourceTree = "<group>";
		};
		9A9443551E818A7800BE3AFF /* LaunchScreen.storyboard */ = {
			isa = PBXVariantGroup;
			children = (
				9A9443561E818A7800BE3AFF /* Base */,
			);
			name = LaunchScreen.storyboard;
			sourceTree = "<group>";
		};
/* End PBXVariantGroup section */

/* Begin XCBuildConfiguration section */
		9A9443641E818A7900BE3AFF /* Debug */ = {
			isa = XCBuildConfiguration;
			buildSettings = {
				ALWAYS_SEARCH_USER_PATHS = NO;
				CLANG_ANALYZER_NONNULL = YES;
				CLANG_CXX_LANGUAGE_STANDARD = "gnu++0x";
				CLANG_CXX_LIBRARY = "libc++";
				CLANG_ENABLE_MODULES = YES;
				CLANG_ENABLE_OBJC_ARC = YES;
				CLANG_WARN_BOOL_CONVERSION = YES;
				CLANG_WARN_CONSTANT_CONVERSION = YES;
				CLANG_WARN_DIRECT_OBJC_ISA_USAGE = YES_ERROR;
				CLANG_WARN_DOCUMENTATION_COMMENTS = YES;
				CLANG_WARN_EMPTY_BODY = YES;
				CLANG_WARN_ENUM_CONVERSION = YES;
				CLANG_WARN_INFINITE_RECURSION = YES;
				CLANG_WARN_INT_CONVERSION = YES;
				CLANG_WARN_OBJC_ROOT_CLASS = YES_ERROR;
				CLANG_WARN_SUSPICIOUS_MOVE = YES;
				CLANG_WARN_UNREACHABLE_CODE = YES;
				CLANG_WARN__DUPLICATE_METHOD_MATCH = YES;
				"CODE_SIGN_IDENTITY[sdk=iphoneos*]" = "iPhone Developer";
				COPY_PHASE_STRIP = NO;
				DEBUG_INFORMATION_FORMAT = dwarf;
				ENABLE_STRICT_OBJC_MSGSEND = YES;
				ENABLE_TESTABILITY = YES;
				GCC_C_LANGUAGE_STANDARD = gnu99;
				GCC_DYNAMIC_NO_PIC = NO;
				GCC_NO_COMMON_BLOCKS = YES;
				GCC_OPTIMIZATION_LEVEL = 0;
				GCC_PREPROCESSOR_DEFINITIONS = (
					"DEBUG=1",
					"$(inherited)",
				);
				GCC_WARN_64_TO_32_BIT_CONVERSION = YES;
				GCC_WARN_ABOUT_RETURN_TYPE = YES_ERROR;
				GCC_WARN_UNDECLARED_SELECTOR = YES;
				GCC_WARN_UNINITIALIZED_AUTOS = YES_AGGRESSIVE;
				GCC_WARN_UNUSED_FUNCTION = YES;
				GCC_WARN_UNUSED_VARIABLE = YES;
				IPHONEOS_DEPLOYMENT_TARGET = 10.2;
				MTL_ENABLE_DEBUG_INFO = YES;
				ONLY_ACTIVE_ARCH = YES;
				SDKROOT = iphoneos;
				SWIFT_ACTIVE_COMPILATION_CONDITIONS = DEBUG;
				SWIFT_OPTIMIZATION_LEVEL = "-Onone";
				TARGETED_DEVICE_FAMILY = "1,2";
			};
			name = Debug;
		};
		9A9443651E818A7900BE3AFF /* Release */ = {
			isa = XCBuildConfiguration;
			buildSettings = {
				ALWAYS_SEARCH_USER_PATHS = NO;
				CLANG_ANALYZER_NONNULL = YES;
				CLANG_CXX_LANGUAGE_STANDARD = "gnu++0x";
				CLANG_CXX_LIBRARY = "libc++";
				CLANG_ENABLE_MODULES = YES;
				CLANG_ENABLE_OBJC_ARC = YES;
				CLANG_WARN_BOOL_CONVERSION = YES;
				CLANG_WARN_CONSTANT_CONVERSION = YES;
				CLANG_WARN_DIRECT_OBJC_ISA_USAGE = YES_ERROR;
				CLANG_WARN_DOCUMENTATION_COMMENTS = YES;
				CLANG_WARN_EMPTY_BODY = YES;
				CLANG_WARN_ENUM_CONVERSION = YES;
				CLANG_WARN_INFINITE_RECURSION = YES;
				CLANG_WARN_INT_CONVERSION = YES;
				CLANG_WARN_OBJC_ROOT_CLASS = YES_ERROR;
				CLANG_WARN_SUSPICIOUS_MOVE = YES;
				CLANG_WARN_UNREACHABLE_CODE = YES;
				CLANG_WARN__DUPLICATE_METHOD_MATCH = YES;
				"CODE_SIGN_IDENTITY[sdk=iphoneos*]" = "iPhone Developer";
				COPY_PHASE_STRIP = NO;
				DEBUG_INFORMATION_FORMAT = "dwarf-with-dsym";
				ENABLE_NS_ASSERTIONS = NO;
				ENABLE_STRICT_OBJC_MSGSEND = YES;
				GCC_C_LANGUAGE_STANDARD = gnu99;
				GCC_NO_COMMON_BLOCKS = YES;
				GCC_WARN_64_TO_32_BIT_CONVERSION = YES;
				GCC_WARN_ABOUT_RETURN_TYPE = YES_ERROR;
				GCC_WARN_UNDECLARED_SELECTOR = YES;
				GCC_WARN_UNINITIALIZED_AUTOS = YES_AGGRESSIVE;
				GCC_WARN_UNUSED_FUNCTION = YES;
				GCC_WARN_UNUSED_VARIABLE = YES;
				IPHONEOS_DEPLOYMENT_TARGET = 10.2;
				MTL_ENABLE_DEBUG_INFO = NO;
				SDKROOT = iphoneos;
				SWIFT_OPTIMIZATION_LEVEL = "-Owholemodule";
				TARGETED_DEVICE_FAMILY = "1,2";
				VALIDATE_PRODUCT = YES;
			};
			name = Release;
		};
		9A9443671E818A7900BE3AFF /* Debug */ = {
			isa = XCBuildConfiguration;
			baseConfigurationReference = 44E1BD45609988EF364B00C6 /* Pods-Random1.debug.xcconfig */;
			buildSettings = {
				ASSETCATALOG_COMPILER_APPICON_NAME = AppIcon;
				DEVELOPMENT_TEAM = LUJK7A4RXY;
				INFOPLIST_FILE = Random1/Info.plist;
				LD_RUNPATH_SEARCH_PATHS = "$(inherited) @executable_path/Frameworks";
				PRODUCT_BUNDLE_IDENTIFIER = cat.xojan.random1;
				PRODUCT_NAME = "$(TARGET_NAME)";
				SWIFT_VERSION = 3.0;
			};
			name = Debug;
		};
		9A9443681E818A7900BE3AFF /* Release */ = {
			isa = XCBuildConfiguration;
			baseConfigurationReference = 4B8048AD79FE314A745C6FCA /* Pods-Random1.release.xcconfig */;
			buildSettings = {
				ASSETCATALOG_COMPILER_APPICON_NAME = AppIcon;
				DEVELOPMENT_TEAM = LUJK7A4RXY;
				INFOPLIST_FILE = Random1/Info.plist;
				LD_RUNPATH_SEARCH_PATHS = "$(inherited) @executable_path/Frameworks";
				PRODUCT_BUNDLE_IDENTIFIER = cat.xojan.random1;
				PRODUCT_NAME = "$(TARGET_NAME)";
				SWIFT_VERSION = 3.0;
			};
			name = Release;
		};
		9A94436A1E818A7900BE3AFF /* Debug */ = {
			isa = XCBuildConfiguration;
			baseConfigurationReference = D27B2A5CFB8EED9FDA702506 /* Pods-Random1Tests.debug.xcconfig */;
			buildSettings = {
				ALWAYS_EMBED_SWIFT_STANDARD_LIBRARIES = YES;
				BUNDLE_LOADER = "$(TEST_HOST)";
				DEVELOPMENT_TEAM = LUJK7A4RXY;
				INFOPLIST_FILE = Random1Tests/Info.plist;
				LD_RUNPATH_SEARCH_PATHS = "$(inherited) @executable_path/Frameworks @loader_path/Frameworks";
				PRODUCT_BUNDLE_IDENTIFIER = cat.xojan.random1.Random1Tests;
				PRODUCT_NAME = "$(TARGET_NAME)";
				SWIFT_VERSION = 3.0;
				TEST_HOST = "$(BUILT_PRODUCTS_DIR)/Random1.app/Random1";
			};
			name = Debug;
		};
		9A94436B1E818A7900BE3AFF /* Release */ = {
			isa = XCBuildConfiguration;
			baseConfigurationReference = 283E76BF46F3C2CE9D952890 /* Pods-Random1Tests.release.xcconfig */;
			buildSettings = {
				ALWAYS_EMBED_SWIFT_STANDARD_LIBRARIES = YES;
				BUNDLE_LOADER = "$(TEST_HOST)";
				DEVELOPMENT_TEAM = LUJK7A4RXY;
				INFOPLIST_FILE = Random1Tests/Info.plist;
				LD_RUNPATH_SEARCH_PATHS = "$(inherited) @executable_path/Frameworks @loader_path/Frameworks";
				PRODUCT_BUNDLE_IDENTIFIER = cat.xojan.random1.Random1Tests;
				PRODUCT_NAME = "$(TARGET_NAME)";
				SWIFT_VERSION = 3.0;
				TEST_HOST = "$(BUILT_PRODUCTS_DIR)/Random1.app/Random1";
			};
			name = Release;
		};
/* End XCBuildConfiguration section */

/* Begin XCConfigurationList section */
		9A9443421E818A7800BE3AFF /* Build configuration list for PBXProject "Random1" */ = {
			isa = XCConfigurationList;
			buildConfigurations = (
				9A9443641E818A7900BE3AFF /* Debug */,
				9A9443651E818A7900BE3AFF /* Release */,
			);
			defaultConfigurationIsVisible = 0;
			defaultConfigurationName = Release;
		};
		9A9443661E818A7900BE3AFF /* Build configuration list for PBXNativeTarget "Random1" */ = {
			isa = XCConfigurationList;
			buildConfigurations = (
				9A9443671E818A7900BE3AFF /* Debug */,
				9A9443681E818A7900BE3AFF /* Release */,
			);
			defaultConfigurationIsVisible = 0;
			defaultConfigurationName = Release;
		};
		9A9443691E818A7900BE3AFF /* Build configuration list for PBXNativeTarget "Random1Tests" */ = {
			isa = XCConfigurationList;
			buildConfigurations = (
				9A94436A1E818A7900BE3AFF /* Debug */,
				9A94436B1E818A7900BE3AFF /* Release */,
			);
			defaultConfigurationIsVisible = 0;
			defaultConfigurationName = Release;
		};
/* End XCConfigurationList section */
	};
	rootObject = 9A94433F1E818A7800BE3AFF /* Project object */;
}
